
Microsoft Visual Studio Solution File, Format Version 12.00
# Visual Studio Version 16
VisualStudioVersion = 16.0.28729.10
MinimumVisualStudioVersion = 10.0.40219.1
Project("{9A19103F-16F7-4668-BE54-9A1E7A4F7556}") = "BotS", "BotS\BotS.csproj", "{8F2F6B80-DF43-4B2D-95B9-0DD4E48EECD9}"
EndProject
Project("{9A19103F-16F7-4668-BE54-9A1E7A4F7556}") = "Core", "Core\Core.csproj", "{7E978100-4BAA-4B1B-80EC-CB3860D28126}"
EndProject
Project("{2150E333-8FDC-42A3-9474-1A3956D46DE8}") = "Solution Items", "Solution Items", "{A8C3334B-CBF1-4FEE-9B96-6F57167243A5}"
	ProjectSection(SolutionItems) = preProject
		Readme.txt = Readme.txt
	EndProjectSection
EndProject
Project("{FAE04EC0-301F-11D3-BF4B-00C04F79EFBC}") = "BloodOnTheWeb", "BloodOnTheWeb\BloodOnTheWeb.csproj", "{0A015FC4-399B-4170-946E-B68BDA4F2377}"
EndProject
Global
	GlobalSection(SolutionConfigurationPlatforms) = preSolution
		Debug|Any CPU = Debug|Any CPU
		Release|Any CPU = Release|Any CPU
	EndGlobalSection
	GlobalSection(ProjectConfigurationPlatforms) = postSolution
		{8F2F6B80-DF43-4B2D-95B9-0DD4E48EECD9}.Debug|Any CPU.ActiveCfg = Debug|Any CPU
		{8F2F6B80-DF43-4B2D-95B9-0DD4E48EECD9}.Debug|Any CPU.Build.0 = Debug|Any CPU
		{8F2F6B80-DF43-4B2D-95B9-0DD4E48EECD9}.Release|Any CPU.ActiveCfg = Release|Any CPU
		{8F2F6B80-DF43-4B2D-95B9-0DD4E48EECD9}.Release|Any CPU.Build.0 = Release|Any CPU
		{7E978100-4BAA-4B1B-80EC-CB3860D28126}.Debug|Any CPU.ActiveCfg = Debug|Any CPU
		{7E978100-4BAA-4B1B-80EC-CB3860D28126}.Debug|Any CPU.Build.0 = Debug|Any CPU
		{7E978100-4BAA-4B1B-80EC-CB3860D28126}.Release|Any CPU.ActiveCfg = Release|Any CPU
		{7E978100-4BAA-4B1B-80EC-CB3860D28126}.Release|Any CPU.Build.0 = Release|Any CPU
		{0A015FC4-399B-4170-946E-B68BDA4F2377}.Debug|Any CPU.ActiveCfg = Debug|Any CPU
		{0A015FC4-399B-4170-946E-B68BDA4F2377}.Debug|Any CPU.Build.0 = Debug|Any CPU
		{0A015FC4-399B-4170-946E-B68BDA4F2377}.Release|Any CPU.ActiveCfg = Release|Any CPU
		{0A015FC4-399B-4170-946E-B68BDA4F2377}.Release|Any CPU.Build.0 = Release|Any CPU
	EndGlobalSection
	GlobalSection(SolutionProperties) = preSolution
		HideSolutionNode = FALSE
	EndGlobalSection
	GlobalSection(ExtensibilityGlobals) = postSolution
		SolutionGuid = {7104638A-4D7B-46F9-872F-4B7C0BABEF7C}
	EndGlobalSection
EndGlobal
